// !$*UTF8*$!
{
	archiveVersion = 1;
	classes = {
	};
	objectVersion = 46;
	objects = {

/* Begin PBXBuildFile section */
		DB79898F1CDB2C8A00419114 /* SwiftNotificationCenter.h in Headers */ = {isa = PBXBuildFile; fileRef = DB79898E1CDB2C8A00419114 /* SwiftNotificationCenter.h */; settings = {ATTRIBUTES = (Public, ); }; };
		DB7989961CDB2C8A00419114 /* SwiftNotificationCenter.framework in Frameworks */ = {isa = PBXBuildFile; fileRef = DB79898B1CDB2C8A00419114 /* SwiftNotificationCenter.framework */; };
		DB79899B1CDB2C8A00419114 /* SwiftNotificationCenterTests.swift in Sources */ = {isa = PBXBuildFile; fileRef = DB79899A1CDB2C8A00419114 /* SwiftNotificationCenterTests.swift */; };
		DB7989A61CDB304C00419114 /* WeakObjectSet.swift in Sources */ = {isa = PBXBuildFile; fileRef = DB7989A51CDB304C00419114 /* WeakObjectSet.swift */; };
		DB7989A81CDB30D700419114 /* SwiftNotificationCenter.swift in Sources */ = {isa = PBXBuildFile; fileRef = DB7989A71CDB30D700419114 /* SwiftNotificationCenter.swift */; };
/* End PBXBuildFile section */

/* Begin PBXContainerItemProxy section */
		DB7989971CDB2C8A00419114 /* PBXContainerItemProxy */ = {
			isa = PBXContainerItemProxy;
			containerPortal = DB7989821CDB2C8A00419114 /* Project object */;
			proxyType = 1;
			remoteGlobalIDString = DB79898A1CDB2C8A00419114;
			remoteInfo = SwiftNotificationCenter;
		};
/* End PBXContainerItemProxy section */

/* Begin PBXFileReference section */
		DB79898B1CDB2C8A00419114 /* SwiftNotificationCenter.framework */ = {isa = PBXFileReference; explicitFileType = wrapper.framework; includeInIndex = 0; path = SwiftNotificationCenter.framework; sourceTree = BUILT_PRODUCTS_DIR; };
		DB79898E1CDB2C8A00419114 /* SwiftNotificationCenter.h */ = {isa = PBXFileReference; lastKnownFileType = sourcecode.c.h; path = SwiftNotificationCenter.h; sourceTree = "<group>"; };
		DB7989901CDB2C8A00419114 /* Info.plist */ = {isa = PBXFileReference; lastKnownFileType = text.plist.xml; path = Info.plist; sourceTree = "<group>"; };
		DB7989951CDB2C8A00419114 /* SwiftNotificationCenterTests.xctest */ = {isa = PBXFileReference; explicitFileType = wrapper.cfbundle; includeInIndex = 0; path = SwiftNotificationCenterTests.xctest; sourceTree = BUILT_PRODUCTS_DIR; };
		DB79899A1CDB2C8A00419114 /* SwiftNotificationCenterTests.swift */ = {isa = PBXFileReference; lastKnownFileType = sourcecode.swift; path = SwiftNotificationCenterTests.swift; sourceTree = "<group>"; };
		DB79899C1CDB2C8A00419114 /* Info.plist */ = {isa = PBXFileReference; lastKnownFileType = text.plist.xml; path = Info.plist; sourceTree = "<group>"; };
		DB7989A51CDB304C00419114 /* WeakObjectSet.swift */ = {isa = PBXFileReference; fileEncoding = 4; lastKnownFileType = sourcecode.swift; path = WeakObjectSet.swift; sourceTree = "<group>"; };
		DB7989A71CDB30D700419114 /* SwiftNotificationCenter.swift */ = {isa = PBXFileReference; fileEncoding = 4; lastKnownFileType = sourcecode.swift; path = SwiftNotificationCenter.swift; sourceTree = "<group>"; };
/* End PBXFileReference section */

/* Begin PBXFrameworksBuildPhase section */
		DB7989871CDB2C8A00419114 /* Frameworks */ = {
			isa = PBXFrameworksBuildPhase;
			buildActionMask = 2147483647;
			files = (
			);
			runOnlyForDeploymentPostprocessing = 0;
		};
		DB7989921CDB2C8A00419114 /* Frameworks */ = {
			isa = PBXFrameworksBuildPhase;
			buildActionMask = 2147483647;
			files = (
				DB7989961CDB2C8A00419114 /* SwiftNotificationCenter.framework in Frameworks */,
			);
			runOnlyForDeploymentPostprocessing = 0;
		};
/* End PBXFrameworksBuildPhase section */

/* Begin PBXGroup section */
		DB7989811CDB2C8A00419114 = {
			isa = PBXGroup;
			children = (
				DB79898D1CDB2C8A00419114 /* SwiftNotificationCenter */,
				DB7989991CDB2C8A00419114 /* SwiftNotificationCenterTests */,
				DB79898C1CDB2C8A00419114 /* Products */,
			);
			sourceTree = "<group>";
		};
		DB79898C1CDB2C8A00419114 /* Products */ = {
			isa = PBXGroup;
			children = (
				DB79898B1CDB2C8A00419114 /* SwiftNotificationCenter.framework */,
				DB7989951CDB2C8A00419114 /* SwiftNotificationCenterTests.xctest */,
			);
			name = Products;
			sourceTree = "<group>";
		};
		DB79898D1CDB2C8A00419114 /* SwiftNotificationCenter */ = {
			isa = PBXGroup;
			children = (
				DB79898E1CDB2C8A00419114 /* SwiftNotificationCenter.h */,
				DB7989901CDB2C8A00419114 /* Info.plist */,
				DB7989A51CDB304C00419114 /* WeakObjectSet.swift */,
				DB7989A71CDB30D700419114 /* SwiftNotificationCenter.swift */,
			);
			path = SwiftNotificationCenter;
			sourceTree = "<group>";
		};
		DB7989991CDB2C8A00419114 /* SwiftNotificationCenterTests */ = {
			isa = PBXGroup;
			children = (
				DB79899A1CDB2C8A00419114 /* SwiftNotificationCenterTests.swift */,
				DB79899C1CDB2C8A00419114 /* Info.plist */,
			);
			path = SwiftNotificationCenterTests;
			sourceTree = "<group>";
		};
/* End PBXGroup section */

/* Begin PBXHeadersBuildPhase section */
		DB7989881CDB2C8A00419114 /* Headers */ = {
			isa = PBXHeadersBuildPhase;
			buildActionMask = 2147483647;
			files = (
				DB79898F1CDB2C8A00419114 /* SwiftNotificationCenter.h in Headers */,
			);
			runOnlyForDeploymentPostprocessing = 0;
		};
/* End PBXHeadersBuildPhase section */

/* Begin PBXNativeTarget section */
		DB79898A1CDB2C8A00419114 /* SwiftNotificationCenter */ = {
			isa = PBXNativeTarget;
			buildConfigurationList = DB79899F1CDB2C8A00419114 /* Build configuration list for PBXNativeTarget "SwiftNotificationCenter" */;
			buildPhases = (
				DB7989861CDB2C8A00419114 /* Sources */,
				DB7989871CDB2C8A00419114 /* Frameworks */,
				DB7989881CDB2C8A00419114 /* Headers */,
				DB7989891CDB2C8A00419114 /* Resources */,
			);
			buildRules = (
			);
			dependencies = (
			);
			name = SwiftNotificationCenter;
			productName = SwiftNotificationCenter;
			productReference = DB79898B1CDB2C8A00419114 /* SwiftNotificationCenter.framework */;
			productType = "com.apple.product-type.framework";
		};
		DB7989941CDB2C8A00419114 /* SwiftNotificationCenterTests */ = {
			isa = PBXNativeTarget;
			buildConfigurationList = DB7989A21CDB2C8A00419114 /* Build configuration list for PBXNativeTarget "SwiftNotificationCenterTests" */;
			buildPhases = (
				DB7989911CDB2C8A00419114 /* Sources */,
				DB7989921CDB2C8A00419114 /* Frameworks */,
				DB7989931CDB2C8A00419114 /* Resources */,
			);
			buildRules = (
			);
			dependencies = (
				DB7989981CDB2C8A00419114 /* PBXTargetDependency */,
			);
			name = SwiftNotificationCenterTests;
			productName = SwiftNotificationCenterTests;
			productReference = DB7989951CDB2C8A00419114 /* SwiftNotificationCenterTests.xctest */;
			productType = "com.apple.product-type.bundle.unit-test";
		};
/* End PBXNativeTarget section */

/* Begin PBXProject section */
		DB7989821CDB2C8A00419114 /* Project object */ = {
			isa = PBXProject;
			attributes = {
				LastSwiftUpdateCheck = 0730;
				LastUpgradeCheck = 0900;
				ORGANIZATIONNAME = Mango;
				TargetAttributes = {
					DB79898A1CDB2C8A00419114 = {
						CreatedOnToolsVersion = 7.3.1;
						LastSwiftMigration = 0900;
					};
					DB7989941CDB2C8A00419114 = {
						CreatedOnToolsVersion = 7.3.1;
						LastSwiftMigration = 0900;
					};
				};
			};
			buildConfigurationList = DB7989851CDB2C8A00419114 /* Build configuration list for PBXProject "SwiftNotificationCenter" */;
			compatibilityVersion = "Xcode 3.2";
			developmentRegion = English;
			hasScannedForEncodings = 0;
			knownRegions = (
				en,
			);
			mainGroup = DB7989811CDB2C8A00419114;
			productRefGroup = DB79898C1CDB2C8A00419114 /* Products */;
			projectDirPath = "";
			projectRoot = "";
			targets = (
				DB79898A1CDB2C8A00419114 /* SwiftNotificationCenter */,
				DB7989941CDB2C8A00419114 /* SwiftNotificationCenterTests */,
			);
		};
/* End PBXProject section */

/* Begin PBXResourcesBuildPhase section */
		DB7989891CDB2C8A00419114 /* Resources */ = {
			isa = PBXResourcesBuildPhase;
			buildActionMask = 2147483647;
			files = (
			);
			runOnlyForDeploymentPostprocessing = 0;
		};
		DB7989931CDB2C8A00419114 /* Resources */ = {
			isa = PBXResourcesBuildPhase;
			buildActionMask = 2147483647;
			files = (
			);
			runOnlyForDeploymentPostprocessing = 0;
		};
/* End PBXResourcesBuildPhase section */

/* Begin PBXSourcesBuildPhase section */
		DB7989861CDB2C8A00419114 /* Sources */ = {
			isa = PBXSourcesBuildPhase;
			buildActionMask = 2147483647;
			files = (
				DB7989A61CDB304C00419114 /* WeakObjectSet.swift in Sources */,
				DB7989A81CDB30D700419114 /* SwiftNotificationCenter.swift in Sources */,
			);
			runOnlyForDeploymentPostprocessing = 0;
		};
		DB7989911CDB2C8A00419114 /* Sources */ = {
			isa = PBXSourcesBuildPhase;
			buildActionMask = 2147483647;
			files = (
				DB79899B1CDB2C8A00419114 /* SwiftNotificationCenterTests.swift in Sources */,
			);
			runOnlyForDeploymentPostprocessing = 0;
		};
/* End PBXSourcesBuildPhase section */

/* Begin PBXTargetDependency section */
		DB7989981CDB2C8A00419114 /* PBXTargetDependency */ = {
			isa = PBXTargetDependency;
			target = DB79898A1CDB2C8A00419114 /* SwiftNotificationCenter */;
			targetProxy = DB7989971CDB2C8A00419114 /* PBXContainerItemProxy */;
		};
/* End PBXTargetDependency section */

/* Begin XCBuildConfiguration section */
		DB79899D1CDB2C8A00419114 /* Debug */ = {
			isa = XCBuildConfiguration;
			buildSettings = {
				ALWAYS_SEARCH_USER_PATHS = NO;
				CLANG_ANALYZER_NONNULL = YES;
				CLANG_CXX_LANGUAGE_STANDARD = "gnu++0x";
				CLANG_CXX_LIBRARY = "libc++";
				CLANG_ENABLE_MODULES = YES;
				CLANG_ENABLE_OBJC_ARC = YES;
				CLANG_WARN_BLOCK_CAPTURE_AUTORELEASING = YES;
				CLANG_WARN_BOOL_CONVERSION = YES;
				CLANG_WARN_COMMA = YES;
				CLANG_WARN_CONSTANT_CONVERSION = YES;
				CLANG_WARN_DIRECT_OBJC_ISA_USAGE = YES_ERROR;
				CLANG_WARN_EMPTY_BODY = YES;
				CLANG_WARN_ENUM_CONVERSION = YES;
				CLANG_WARN_INFINITE_RECURSION = YES;
				CLANG_WARN_INT_CONVERSION = YES;
				CLANG_WARN_NON_LITERAL_NULL_CONVERSION = YES;
				CLANG_WARN_OBJC_LITERAL_CONVERSION = YES;
				CLANG_WARN_OBJC_ROOT_CLASS = YES_ERROR;
				CLANG_WARN_RANGE_LOOP_ANALYSIS = YES;
				CLANG_WARN_STRICT_PROTOTYPES = YES;
				CLANG_WARN_SUSPICIOUS_MOVE = YES;
				CLANG_WARN_UNREACHABLE_CODE = YES;
				CLANG_WARN__DUPLICATE_METHOD_MATCH = YES;
				"CODE_SIGN_IDENTITY[sdk=iphoneos*]" = "iPhone Developer";
				COPY_PHASE_STRIP = NO;
				CURRENT_PROJECT_VERSION = 1;
				DEBUG_INFORMATION_FORMAT = dwarf;
				ENABLE_STRICT_OBJC_MSGSEND = YES;
				ENABLE_TESTABILITY = YES;
				GCC_C_LANGUAGE_STANDARD = gnu99;
				GCC_DYNAMIC_NO_PIC = NO;
				GCC_NO_COMMON_BLOCKS = YES;
				GCC_OPTIMIZATION_LEVEL = 0;
				GCC_PREPROCESSOR_DEFINITIONS = (
					"DEBUG=1",
					"$(inherited)",
				);
				GCC_WARN_64_TO_32_BIT_CONVERSION = YES;
				GCC_WARN_ABOUT_RETURN_TYPE = YES_ERROR;
				GCC_WARN_UNDECLARED_SELECTOR = YES;
				GCC_WARN_UNINITIALIZED_AUTOS = YES_AGGRESSIVE;
				GCC_WARN_UNUSED_FUNCTION = YES;
				GCC_WARN_UNUSED_VARIABLE = YES;
				IPHONEOS_DEPLOYMENT_TARGET = 8.0;
				MTL_ENABLE_DEBUG_INFO = YES;
				ONLY_ACTIVE_ARCH = YES;
				SDKROOT = iphoneos;
				SWIFT_OPTIMIZATION_LEVEL = "-Onone";
				TARGETED_DEVICE_FAMILY = "1,2";
				VERSIONING_SYSTEM = "apple-generic";
				VERSION_INFO_PREFIX = "";
			};
			name = Debug;
		};
		DB79899E1CDB2C8A00419114 /* Release */ = {
			isa = XCBuildConfiguration;
			buildSettings = {
				ALWAYS_SEARCH_USER_PATHS = NO;
				CLANG_ANALYZER_NONNULL = YES;
				CLANG_CXX_LANGUAGE_STANDARD = "gnu++0x";
				CLANG_CXX_LIBRARY = "libc++";
				CLANG_ENABLE_MODULES = YES;
				CLANG_ENABLE_OBJC_ARC = YES;
				CLANG_WARN_BLOCK_CAPTURE_AUTORELEASING = YES;
				CLANG_WARN_BOOL_CONVERSION = YES;
				CLANG_WARN_COMMA = YES;
				CLANG_WARN_CONSTANT_CONVERSION = YES;
				CLANG_WARN_DIRECT_OBJC_ISA_USAGE = YES_ERROR;
				CLANG_WARN_EMPTY_BODY = YES;
				CLANG_WARN_ENUM_CONVERSION = YES;
				CLANG_WARN_INFINITE_RECURSION = YES;
				CLANG_WARN_INT_CONVERSION = YES;
				CLANG_WARN_NON_LITERAL_NULL_CONVERSION = YES;
				CLANG_WARN_OBJC_LITERAL_CONVERSION = YES;
				CLANG_WARN_OBJC_ROOT_CLASS = YES_ERROR;
				CLANG_WARN_RANGE_LOOP_ANALYSIS = YES;
				CLANG_WARN_STRICT_PROTOTYPES = YES;
				CLANG_WARN_SUSPICIOUS_MOVE = YES;
				CLANG_WARN_UNREACHABLE_CODE = YES;
				CLANG_WARN__DUPLICATE_METHOD_MATCH = YES;
				"CODE_SIGN_IDENTITY[sdk=iphoneos*]" = "iPhone Developer";
				COPY_PHASE_STRIP = NO;
				CURRENT_PROJECT_VERSION = 1;
				DEBUG_INFORMATION_FORMAT = "dwarf-with-dsym";
				ENABLE_NS_ASSERTIONS = NO;
				ENABLE_STRICT_OBJC_MSGSEND = YES;
				GCC_C_LANGUAGE_STANDARD = gnu99;
				GCC_NO_COMMON_BLOCKS = YES;
				GCC_WARN_64_TO_32_BIT_CONVERSION = YES;
				GCC_WARN_ABOUT_RETURN_TYPE = YES_ERROR;
				GCC_WARN_UNDECLARED_SELECTOR = YES;
				GCC_WARN_UNINITIALIZED_AUTOS = YES_AGGRESSIVE;
				GCC_WARN_UNUSED_FUNCTION = YES;
				GCC_WARN_UNUSED_VARIABLE = YES;
				IPHONEOS_DEPLOYMENT_TARGET = 8.0;
				MTL_ENABLE_DEBUG_INFO = NO;
				SDKROOT = iphoneos;
				SWIFT_OPTIMIZATION_LEVEL = "-Owholemodule";
				TARGETED_DEVICE_FAMILY = "1,2";
				VALIDATE_PRODUCT = YES;
				VERSIONING_SYSTEM = "apple-generic";
				VERSION_INFO_PREFIX = "";
			};
			name = Release;
		};
		DB7989A01CDB2C8A00419114 /* Debug */ = {
			isa = XCBuildConfiguration;
			buildSettings = {
				CLANG_ENABLE_MODULES = YES;
				"CODE_SIGN_IDENTITY[sdk=iphoneos*]" = "";
				DEFINES_MODULE = YES;
				DYLIB_COMPATIBILITY_VERSION = 1;
				DYLIB_CURRENT_VERSION = 1;
				DYLIB_INSTALL_NAME_BASE = "@rpath";
				INFOPLIST_FILE = SwiftNotificationCenter/Info.plist;
				INSTALL_PATH = "$(LOCAL_LIBRARY_DIR)/Frameworks";
				LD_RUNPATH_SEARCH_PATHS = "$(inherited) @executable_path/Frameworks @loader_path/Frameworks";
				PRODUCT_BUNDLE_IDENTIFIER = Mango.SwiftNotificationCenter;
				PRODUCT_NAME = "$(TARGET_NAME)";
				SKIP_INSTALL = YES;
				SWIFT_OPTIMIZATION_LEVEL = "-Onone";
				SWIFT_SWIFT3_OBJC_INFERENCE = Off;
				SWIFT_VERSION = 4.0;
			};
			name = Debug;
		};
		DB7989A11CDB2C8A00419114 /* Release */ = {
			isa = XCBuildConfiguration;
			buildSettings = {
				CLANG_ENABLE_MODULES = YES;
				"CODE_SIGN_IDENTITY[sdk=iphoneos*]" = "";
				DEFINES_MODULE = YES;
				DYLIB_COMPATIBILITY_VERSION = 1;
				DYLIB_CURRENT_VERSION = 1;
				DYLIB_INSTALL_NAME_BASE = "@rpath";
				INFOPLIST_FILE = SwiftNotificationCenter/Info.plist;
				INSTALL_PATH = "$(LOCAL_LIBRARY_DIR)/Frameworks";
				LD_RUNPATH_SEARCH_PATHS = "$(inherited) @executable_path/Frameworks @loader_path/Frameworks";
				PRODUCT_BUNDLE_IDENTIFIER = Mango.SwiftNotificationCenter;
				PRODUCT_NAME = "$(TARGET_NAME)";
				SKIP_INSTALL = YES;
				SWIFT_SWIFT3_OBJC_INFERENCE = Off;
				SWIFT_VERSION = 4.0;
			};
			name = Release;
		};
		DB7989A31CDB2C8A00419114 /* Debug */ = {
			isa = XCBuildConfiguration;
			buildSettings = {
				INFOPLIST_FILE = SwiftNotificationCenterTests/Info.plist;
				LD_RUNPATH_SEARCH_PATHS = "$(inherited) @executable_path/Frameworks @loader_path/Frameworks";
				PRODUCT_BUNDLE_IDENTIFIER = Mango.SwiftNotificationCenterTests;
				PRODUCT_NAME = "$(TARGET_NAME)";
				SWIFT_SWIFT3_OBJC_INFERENCE = Off;
				SWIFT_VERSION = 4.0;
			};
			name = Debug;
		};
		DB7989A41CDB2C8A00419114 /* Release */ = {
			isa = XCBuildConfiguration;
			buildSettings = {
				INFOPLIST_FILE = SwiftNotificationCenterTests/Info.plist;
				LD_RUNPATH_SEARCH_PATHS = "$(inherited) @executable_path/Frameworks @loader_path/Frameworks";
				PRODUCT_BUNDLE_IDENTIFIER = Mango.SwiftNotificationCenterTests;
				PRODUCT_NAME = "$(TARGET_NAME)";
				SWIFT_SWIFT3_OBJC_INFERENCE = Off;
				SWIFT_VERSION = 4.0;
			};
			name = Release;
		};
/* End XCBuildConfiguration section */

/* Begin XCConfigurationList section */
		DB7989851CDB2C8A00419114 /* Build configuration list for PBXProject "SwiftNotificationCenter" */ = {
			isa = XCConfigurationList;
			buildConfigurations = (
				DB79899D1CDB2C8A00419114 /* Debug */,
				DB79899E1CDB2C8A00419114 /* Release */,
			);
			defaultConfigurationIsVisible = 0;
			defaultConfigurationName = Release;
		};
		DB79899F1CDB2C8A00419114 /* Build configuration list for PBXNativeTarget "SwiftNotificationCenter" */ = {
			isa = XCConfigurationList;
			buildConfigurations = (
				DB7989A01CDB2C8A00419114 /* Debug */,
				DB7989A11CDB2C8A00419114 /* Release */,
			);
			defaultConfigurationIsVisible = 0;
			defaultConfigurationName = Release;
		};
		DB7989A21CDB2C8A00419114 /* Build configuration list for PBXNativeTarget "SwiftNotificationCenterTests" */ = {
			isa = XCConfigurationList;
			buildConfigurations = (
				DB7989A31CDB2C8A00419114 /* Debug */,
				DB7989A41CDB2C8A00419114 /* Release */,
			);
			defaultConfigurationIsVisible = 0;
			defaultConfigurationName = Release;
		};
/* End XCConfigurationList section */
	};
	rootObject = DB7989821CDB2C8A00419114 /* Project object */;
}
